
Microsoft Visual Studio Solution File, Format Version 12.00
# Visual Studio Version 16
VisualStudioVersion = 16.0.30128.74
MinimumVisualStudioVersion = 10.0.40219.1
Project("{FAE04EC0-301F-11D3-BF4B-00C04F79EFBC}") = "WebCrawler.CLI", "WebCrawler.CLI\WebCrawler.CLI.csproj", "{3CD274EA-11A3-4FC6-AC85-BA5EE9F7F775}"
EndProject
Project("{FAE04EC0-301F-11D3-BF4B-00C04F79EFBC}") = "WebCrawler", "WebCrawler\WebCrawler.csproj", "{BB93C790-62E0-475A-8CA8-E8C80EF6B6FC}"
EndProject
Global
	GlobalSection(SolutionConfigurationPlatforms) = preSolution
		Debug|Any CPU = Debug|Any CPU
		Release|Any CPU = Release|Any CPU
	EndGlobalSection
	GlobalSection(ProjectConfigurationPlatforms) = postSolution
		{3CD274EA-11A3-4FC6-AC85-BA5EE9F7F775}.Debug|Any CPU.ActiveCfg = Debug|Any CPU
		{3CD274EA-11A3-4FC6-AC85-BA5EE9F7F775}.Debug|Any CPU.Build.0 = Debug|Any CPU
		{3CD274EA-11A3-4FC6-AC85-BA5EE9F7F775}.Release|Any CPU.ActiveCfg = Release|Any CPU
		{3CD274EA-11A3-4FC6-AC85-BA5EE9F7F775}.Release|Any CPU.Build.0 = Release|Any CPU
		{BB93C790-62E0-475A-8CA8-E8C80EF6B6FC}.Debug|Any CPU.ActiveCfg = Debug|Any CPU
		{BB93C790-62E0-475A-8CA8-E8C80EF6B6FC}.Debug|Any CPU.Build.0 = Debug|Any CPU
		{BB93C790-62E0-475A-8CA8-E8C80EF6B6FC}.Release|Any CPU.ActiveCfg = Release|Any CPU
		{BB93C790-62E0-475A-8CA8-E8C80EF6B6FC}.Release|Any CPU.Build.0 = Release|Any CPU
	EndGlobalSection
	GlobalSection(SolutionProperties) = preSolution
		HideSolutionNode = FALSE
	EndGlobalSection
	GlobalSection(ExtensibilityGlobals) = postSolution
		SolutionGuid = {19883556-64F4-48A4-853E-7A83888CC08F}
	EndGlobalSection
EndGlobal
